
Microsoft Visual Studio Solution File, Format Version 12.00
# Visual Studio 15
VisualStudioVersion = 15.0.28307.779
MinimumVisualStudioVersion = 10.0.40219.1
Project("{FAE04EC0-301F-11D3-BF4B-00C04F79EFBC}") = "Fruit", "Fruit\Fruit.csproj", "{5CA31638-DD99-4F4D-8C7C-7AC1302007F5}"
EndProject
Global
	GlobalSection(SolutionConfigurationPlatforms) = preSolution
		Debug|Any CPU = Debug|Any CPU
		Release|Any CPU = Release|Any CPU
	EndGlobalSection
	GlobalSection(ProjectConfigurationPlatforms) = postSolution
		{5CA31638-DD99-4F4D-8C7C-7AC1302007F5}.Debug|Any CPU.ActiveCfg = Debug|Any CPU
		{5CA31638-DD99-4F4D-8C7C-7AC1302007F5}.Debug|Any CPU.Build.0 = Debug|Any CPU
		{5CA31638-DD99-4F4D-8C7C-7AC1302007F5}.Release|Any CPU.ActiveCfg = Release|Any CPU
		{5CA31638-DD99-4F4D-8C7C-7AC1302007F5}.Release|Any CPU.Build.0 = Release|Any CPU
	EndGlobalSection
	GlobalSection(SolutionProperties) = preSolution
		HideSolutionNode = FALSE
	EndGlobalSection
	GlobalSection(ExtensibilityGlobals) = postSolution
		SolutionGuid = {7DE5C942-DD3F-49B0-BEA0-B82257923699}
	EndGlobalSection
EndGlobal
